
Microsoft Visual Studio Solution File, Format Version 12.00
# Visual Studio Version 16
VisualStudioVersion = 16.0.31613.86
MinimumVisualStudioVersion = 10.0.40219.1
Project("{FAE04EC0-301F-11D3-BF4B-00C04F79EFBC}") = "AndroidBrowserHelper", "BindingLibrary\AndroidBrowserHelper.csproj", "{4C498637-23EA-4C1F-AFAB-F5E786B8CC8B}"
EndProject
Project("{FAE04EC0-301F-11D3-BF4B-00C04F79EFBC}") = "Sample", "Sample\Sample.csproj", "{73B48221-73BE-4EDC-807D-C38510C51F2B}"
EndProject
Global
	GlobalSection(SolutionConfigurationPlatforms) = preSolution
		Debug|Any CPU = Debug|Any CPU
		Release|Any CPU = Release|Any CPU
	EndGlobalSection
	GlobalSection(ProjectConfigurationPlatforms) = postSolution
		{4C498637-23EA-4C1F-AFAB-F5E786B8CC8B}.Debug|Any CPU.ActiveCfg = Debug|Any CPU
		{4C498637-23EA-4C1F-AFAB-F5E786B8CC8B}.Debug|Any CPU.Build.0 = Debug|Any CPU
		{4C498637-23EA-4C1F-AFAB-F5E786B8CC8B}.Release|Any CPU.ActiveCfg = Release|Any CPU
		{4C498637-23EA-4C1F-AFAB-F5E786B8CC8B}.Release|Any CPU.Build.0 = Release|Any CPU
		{73B48221-73BE-4EDC-807D-C38510C51F2B}.Debug|Any CPU.ActiveCfg = Debug|Any CPU
		{73B48221-73BE-4EDC-807D-C38510C51F2B}.Debug|Any CPU.Build.0 = Debug|Any CPU
		{73B48221-73BE-4EDC-807D-C38510C51F2B}.Debug|Any CPU.Deploy.0 = Debug|Any CPU
		{73B48221-73BE-4EDC-807D-C38510C51F2B}.Release|Any CPU.ActiveCfg = Release|Any CPU
		{73B48221-73BE-4EDC-807D-C38510C51F2B}.Release|Any CPU.Build.0 = Release|Any CPU
		{73B48221-73BE-4EDC-807D-C38510C51F2B}.Release|Any CPU.Deploy.0 = Release|Any CPU
	EndGlobalSection
	GlobalSection(SolutionProperties) = preSolution
		HideSolutionNode = FALSE
	EndGlobalSection
	GlobalSection(ExtensibilityGlobals) = postSolution
		SolutionGuid = {BB7B8C35-5A19-4B44-91AA-5748B6377676}
	EndGlobalSection
EndGlobal
